
Microsoft Visual Studio Solution File, Format Version 12.00
# Visual Studio 15
VisualStudioVersion = 15.0.28010.2050
MinimumVisualStudioVersion = 10.0.40219.1
Project("{FAE04EC0-301F-11D3-BF4B-00C04F79EFBC}") = "Proje1", "Proje1\Proje1.csproj", "{CBB3EB07-3374-48B1-A31A-FFF42CD07FD7}"
EndProject
Global
	GlobalSection(SolutionConfigurationPlatforms) = preSolution
		Debug|Any CPU = Debug|Any CPU
		Release|Any CPU = Release|Any CPU
	EndGlobalSection
	GlobalSection(ProjectConfigurationPlatforms) = postSolution
		{CBB3EB07-3374-48B1-A31A-FFF42CD07FD7}.Debug|Any CPU.ActiveCfg = Debug|Any CPU
		{CBB3EB07-3374-48B1-A31A-FFF42CD07FD7}.Debug|Any CPU.Build.0 = Debug|Any CPU
		{CBB3EB07-3374-48B1-A31A-FFF42CD07FD7}.Release|Any CPU.ActiveCfg = Release|Any CPU
		{CBB3EB07-3374-48B1-A31A-FFF42CD07FD7}.Release|Any CPU.Build.0 = Release|Any CPU
	EndGlobalSection
	GlobalSection(SolutionProperties) = preSolution
		HideSolutionNode = FALSE
	EndGlobalSection
	GlobalSection(ExtensibilityGlobals) = postSolution
		SolutionGuid = {06C91572-708D-4226-9E84-A008CE4F5081}
	EndGlobalSection
EndGlobal
