
Microsoft Visual Studio Solution File, Format Version 12.00
# Visual Studio 15
VisualStudioVersion = 15.0.28010.2050
MinimumVisualStudioVersion = 10.0.40219.1
Project("{FAE04EC0-301F-11D3-BF4B-00C04F79EFBC}") = "MvcUyg3", "MvcUyg3\MvcUyg3.csproj", "{DDCCFD86-D968-4BA8-AC17-D1C797DDEA78}"
EndProject
Global
	GlobalSection(SolutionConfigurationPlatforms) = preSolution
		Debug|Any CPU = Debug|Any CPU
		Release|Any CPU = Release|Any CPU
	EndGlobalSection
	GlobalSection(ProjectConfigurationPlatforms) = postSolution
		{DDCCFD86-D968-4BA8-AC17-D1C797DDEA78}.Debug|Any CPU.ActiveCfg = Debug|Any CPU
		{DDCCFD86-D968-4BA8-AC17-D1C797DDEA78}.Debug|Any CPU.Build.0 = Debug|Any CPU
		{DDCCFD86-D968-4BA8-AC17-D1C797DDEA78}.Release|Any CPU.ActiveCfg = Release|Any CPU
		{DDCCFD86-D968-4BA8-AC17-D1C797DDEA78}.Release|Any CPU.Build.0 = Release|Any CPU
	EndGlobalSection
	GlobalSection(SolutionProperties) = preSolution
		HideSolutionNode = FALSE
	EndGlobalSection
	GlobalSection(ExtensibilityGlobals) = postSolution
		SolutionGuid = {477278D8-9E79-4161-89A6-0EC0654B8023}
	EndGlobalSection
EndGlobal
