
Microsoft Visual Studio Solution File, Format Version 12.00
# Visual Studio 15
VisualStudioVersion = 15.0.28010.2050
MinimumVisualStudioVersion = 10.0.40219.1
Project("{FAE04EC0-301F-11D3-BF4B-00C04F79EFBC}") = "WebApplication1", "WebApplication1\WebApplication1.csproj", "{CFDF725C-ABE4-4711-8F80-D191BBF059DC}"
EndProject
Global
	GlobalSection(SolutionConfigurationPlatforms) = preSolution
		Debug|Any CPU = Debug|Any CPU
		Release|Any CPU = Release|Any CPU
	EndGlobalSection
	GlobalSection(ProjectConfigurationPlatforms) = postSolution
		{CFDF725C-ABE4-4711-8F80-D191BBF059DC}.Debug|Any CPU.ActiveCfg = Debug|Any CPU
		{CFDF725C-ABE4-4711-8F80-D191BBF059DC}.Debug|Any CPU.Build.0 = Debug|Any CPU
		{CFDF725C-ABE4-4711-8F80-D191BBF059DC}.Release|Any CPU.ActiveCfg = Release|Any CPU
		{CFDF725C-ABE4-4711-8F80-D191BBF059DC}.Release|Any CPU.Build.0 = Release|Any CPU
	EndGlobalSection
	GlobalSection(SolutionProperties) = preSolution
		HideSolutionNode = FALSE
	EndGlobalSection
	GlobalSection(ExtensibilityGlobals) = postSolution
		SolutionGuid = {C78978FA-1401-4352-8559-89A264837486}
	EndGlobalSection
EndGlobal
